
Microsoft Visual Studio Solution File, Format Version 12.00
# Visual Studio Version 17
VisualStudioVersion = 17.9.34607.119
MinimumVisualStudioVersion = 10.0.40219.1
Project("{FAE04EC0-301F-11D3-BF4B-00C04F79EFBC}") = "Sandbox_Nr.1", "Sandbox_Nr.1.csproj", "{FCA07AD8-D516-44E1-A8A5-0C617DB9CE89}"
EndProject
Global
	GlobalSection(SolutionConfigurationPlatforms) = preSolution
		Debug|Any CPU = Debug|Any CPU
		Release|Any CPU = Release|Any CPU
	EndGlobalSection
	GlobalSection(ProjectConfigurationPlatforms) = postSolution
		{FCA07AD8-D516-44E1-A8A5-0C617DB9CE89}.Debug|Any CPU.ActiveCfg = Debug|Any CPU
		{FCA07AD8-D516-44E1-A8A5-0C617DB9CE89}.Debug|Any CPU.Build.0 = Debug|Any CPU
		{FCA07AD8-D516-44E1-A8A5-0C617DB9CE89}.Release|Any CPU.ActiveCfg = Release|Any CPU
		{FCA07AD8-D516-44E1-A8A5-0C617DB9CE89}.Release|Any CPU.Build.0 = Release|Any CPU
	EndGlobalSection
	GlobalSection(SolutionProperties) = preSolution
		HideSolutionNode = FALSE
	EndGlobalSection
	GlobalSection(ExtensibilityGlobals) = postSolution
		SolutionGuid = {0077F8A7-789F-4E39-8F1D-9EC746C005E8}
	EndGlobalSection
EndGlobal
